# Generated by 'devcapsule project init' from the embedded resolution matrix embedded-20.
# Commit this file: it pins the exact environment collaborators receive.
devcapsule-lock-format-version = 1
resolution-matrix-version = "embedded-20"
platform = "linux-amd64"
capabilities-digest = "3ae42401538881a572b70a4e1f704fd63a383b259aa80604bdc2e03acfbb7220"

[base]
reference = "docker.io/mycodespaceai/devcapsule-base@sha256:8837edd36720763796ab9fe1dbeb66f1aa7ca2db0dabc8d73a58716440f42f7c"
build-mnemonic = "v0.2.12-rc5"

[components]
interactive-surface = "codium"

[components.codium]
version = "1.126.04524"
delivery-policy = "local-materialization"
license = "MIT"
url = "https://github.com/VSCodium/vscodium/releases/download/1.126.04524/VSCodium-linux-x64-1.126.04524.tar.gz"
sha256 = "adf3548df055d18e476cdee887488ba7486b879ad99a31a546c6b5c5ff296c24"

[materialization]
recipe = "vscode-local-materialization"
recipe-version = "2"
